
Microsoft Visual Studio Solution File, Format Version 12.00
# Visual Studio 2012
Project("{FAE04EC0-301F-11D3-BF4B-00C04F79EFBC}") = "Mesajlasma", "Mesajlasma\Mesajlasma.csproj", "{95E95E12-D039-4C2B-BE4D-05B084FB16AA}"
EndProject
Global
	GlobalSection(SolutionConfigurationPlatforms) = preSolution
		Debug|Any CPU = Debug|Any CPU
		Release|Any CPU = Release|Any CPU
	EndGlobalSection
	GlobalSection(ProjectConfigurationPlatforms) = postSolution
		{95E95E12-D039-4C2B-BE4D-05B084FB16AA}.Debug|Any CPU.ActiveCfg = Debug|Any CPU
		{95E95E12-D039-4C2B-BE4D-05B084FB16AA}.Debug|Any CPU.Build.0 = Debug|Any CPU
		{95E95E12-D039-4C2B-BE4D-05B084FB16AA}.Release|Any CPU.ActiveCfg = Release|Any CPU
		{95E95E12-D039-4C2B-BE4D-05B084FB16AA}.Release|Any CPU.Build.0 = Release|Any CPU
	EndGlobalSection
	GlobalSection(SolutionProperties) = preSolution
		HideSolutionNode = FALSE
	EndGlobalSection
EndGlobal
